
Microsoft Visual Studio Solution File, Format Version 12.00
# Visual Studio Version 17
VisualStudioVersion = 17.9.34622.214
MinimumVisualStudioVersion = 10.0.40219.1
Project("{FAE04EC0-301F-11D3-BF4B-00C04F79EFBC}") = "TodosApi", "TodosApi\TodosApi.csproj", "{811A1275-A4DC-4F66-A31B-A5519D81EE3E}"
EndProject
Project("{FAE04EC0-301F-11D3-BF4B-00C04F79EFBC}") = "TodosApi.ContractTests", "TodosSolutions\TodosApi.ContractTests\TodosApi.ContractTests.csproj", "{FEE9A60D-336F-4DB2-9301-AF0A74D0ACD9}"
EndProject
Global
	GlobalSection(SolutionConfigurationPlatforms) = preSolution
		Debug|Any CPU = Debug|Any CPU
		Release|Any CPU = Release|Any CPU
	EndGlobalSection
	GlobalSection(ProjectConfigurationPlatforms) = postSolution
		{811A1275-A4DC-4F66-A31B-A5519D81EE3E}.Debug|Any CPU.ActiveCfg = Debug|Any CPU
		{811A1275-A4DC-4F66-A31B-A5519D81EE3E}.Debug|Any CPU.Build.0 = Debug|Any CPU
		{811A1275-A4DC-4F66-A31B-A5519D81EE3E}.Release|Any CPU.ActiveCfg = Release|Any CPU
		{811A1275-A4DC-4F66-A31B-A5519D81EE3E}.Release|Any CPU.Build.0 = Release|Any CPU
		{FEE9A60D-336F-4DB2-9301-AF0A74D0ACD9}.Debug|Any CPU.ActiveCfg = Debug|Any CPU
		{FEE9A60D-336F-4DB2-9301-AF0A74D0ACD9}.Debug|Any CPU.Build.0 = Debug|Any CPU
		{FEE9A60D-336F-4DB2-9301-AF0A74D0ACD9}.Release|Any CPU.ActiveCfg = Release|Any CPU
		{FEE9A60D-336F-4DB2-9301-AF0A74D0ACD9}.Release|Any CPU.Build.0 = Release|Any CPU
	EndGlobalSection
	GlobalSection(SolutionProperties) = preSolution
		HideSolutionNode = FALSE
	EndGlobalSection
	GlobalSection(ExtensibilityGlobals) = postSolution
		SolutionGuid = {353B62E5-FA52-4049-BE93-65E700FEC728}
	EndGlobalSection
EndGlobal
